// !$*UTF8*$!
{
	archiveVersion = 1;
	classes = {
	};
	objectVersion = 46;
	objects = {

/* Begin PBXBuildFile section */
		3A9220611DE20D72004BC75F /* AppDelegate.swift in Sources */ = {isa = PBXBuildFile; fileRef = 3A9220601DE20D72004BC75F /* AppDelegate.swift */; };
		3A9220661DE20D72004BC75F /* Main.storyboard in Resources */ = {isa = PBXBuildFile; fileRef = 3A9220641DE20D72004BC75F /* Main.storyboard */; };
		3A9220681DE20D72004BC75F /* Assets.xcassets in Resources */ = {isa = PBXBuildFile; fileRef = 3A9220671DE20D72004BC75F /* Assets.xcassets */; };
		3A92206B1DE20D72004BC75F /* LaunchScreen.storyboard in Resources */ = {isa = PBXBuildFile; fileRef = 3A9220691DE20D72004BC75F /* LaunchScreen.storyboard */; };
		3A9220781DE20EC8004BC75F /* NYTTopStoriesTableViewController.swift in Sources */ = {isa = PBXBuildFile; fileRef = 3A9220771DE20EC8004BC75F /* NYTTopStoriesTableViewController.swift */; };
		3A92207A1DE21552004BC75F /* TopStory.swift in Sources */ = {isa = PBXBuildFile; fileRef = 3A9220791DE21552004BC75F /* TopStory.swift */; };
		3A92207C1DE2166A004BC75F /* APIRequestManager.swift in Sources */ = {isa = PBXBuildFile; fileRef = 3A92207B1DE2166A004BC75F /* APIRequestManager.swift */; };
		3A9220801DE21B11004BC75F /* TopStoryTableViewCell.swift in Sources */ = {isa = PBXBuildFile; fileRef = 3A92207F1DE21B11004BC75F /* TopStoryTableViewCell.swift */; };
/* End PBXBuildFile section */

/* Begin PBXFileReference section */
		3A92205D1DE20D72004BC75F /* NYTTopStories.app */ = {isa = PBXFileReference; explicitFileType = wrapper.application; includeInIndex = 0; path = NYTTopStories.app; sourceTree = BUILT_PRODUCTS_DIR; };
		3A9220601DE20D72004BC75F /* AppDelegate.swift */ = {isa = PBXFileReference; lastKnownFileType = sourcecode.swift; path = AppDelegate.swift; sourceTree = "<group>"; };
		3A9220651DE20D72004BC75F /* Base */ = {isa = PBXFileReference; lastKnownFileType = file.storyboard; name = Base; path = Base.lproj/Main.storyboard; sourceTree = "<group>"; };
		3A9220671DE20D72004BC75F /* Assets.xcassets */ = {isa = PBXFileReference; lastKnownFileType = folder.assetcatalog; path = Assets.xcassets; sourceTree = "<group>"; };
		3A92206A1DE20D72004BC75F /* Base */ = {isa = PBXFileReference; lastKnownFileType = file.storyboard; name = Base; path = Base.lproj/LaunchScreen.storyboard; sourceTree = "<group>"; };
		3A92206C1DE20D72004BC75F /* Info.plist */ = {isa = PBXFileReference; lastKnownFileType = text.plist.xml; path = Info.plist; sourceTree = "<group>"; };
		3A9220771DE20EC8004BC75F /* NYTTopStoriesTableViewController.swift */ = {isa = PBXFileReference; fileEncoding = 4; lastKnownFileType = sourcecode.swift; path = NYTTopStoriesTableViewController.swift; sourceTree = SOURCE_ROOT; };
		3A9220791DE21552004BC75F /* TopStory.swift */ = {isa = PBXFileReference; fileEncoding = 4; lastKnownFileType = sourcecode.swift; name = TopStory.swift; path = ../TopStory.swift; sourceTree = "<group>"; };
		3A92207B1DE2166A004BC75F /* APIRequestManager.swift */ = {isa = PBXFileReference; fileEncoding = 4; lastKnownFileType = sourcecode.swift; path = APIRequestManager.swift; sourceTree = "<group>"; };
		3A92207F1DE21B11004BC75F /* TopStoryTableViewCell.swift */ = {isa = PBXFileReference; fileEncoding = 4; lastKnownFileType = sourcecode.swift; path = TopStoryTableViewCell.swift; sourceTree = "<group>"; };
/* End PBXFileReference section */

/* Begin PBXFrameworksBuildPhase section */
		3A92205A1DE20D72004BC75F /* Frameworks */ = {
			isa = PBXFrameworksBuildPhase;
			buildActionMask = 2147483647;
			files = (
			);
			runOnlyForDeploymentPostprocessing = 0;
		};
/* End PBXFrameworksBuildPhase section */

/* Begin PBXGroup section */
		3A9220541DE20D72004BC75F = {
			isa = PBXGroup;
			children = (
				3A92205F1DE20D72004BC75F /* NYTTopStories */,
				3A92205E1DE20D72004BC75F /* Products */,
			);
			sourceTree = "<group>";
		};
		3A92205E1DE20D72004BC75F /* Products */ = {
			isa = PBXGroup;
			children = (
				3A92205D1DE20D72004BC75F /* NYTTopStories.app */,
			);
			name = Products;
			sourceTree = "<group>";
		};
		3A92205F1DE20D72004BC75F /* NYTTopStories */ = {
			isa = PBXGroup;
			children = (
				3A92207E1DE21684004BC75F /* Models */,
				3A9220731DE20DC2004BC75F /* Views */,
				3A9220741DE20DCE004BC75F /* Controllers */,
				3A92207D1DE21677004BC75F /* Networking */,
				3A9220721DE20D97004BC75F /* Supporting Files */,
			);
			path = NYTTopStories;
			sourceTree = "<group>";
		};
		3A9220721DE20D97004BC75F /* Supporting Files */ = {
			isa = PBXGroup;
			children = (
				3A9220601DE20D72004BC75F /* AppDelegate.swift */,
				3A9220671DE20D72004BC75F /* Assets.xcassets */,
				3A92206C1DE20D72004BC75F /* Info.plist */,
			);
			name = "Supporting Files";
			sourceTree = "<group>";
		};
		3A9220731DE20DC2004BC75F /* Views */ = {
			isa = PBXGroup;
			children = (
				3A9220641DE20D72004BC75F /* Main.storyboard */,
				3A9220691DE20D72004BC75F /* LaunchScreen.storyboard */,
			);
			name = Views;
			sourceTree = "<group>";
		};
		3A9220741DE20DCE004BC75F /* Controllers */ = {
			isa = PBXGroup;
			children = (
				3A92207F1DE21B11004BC75F /* TopStoryTableViewCell.swift */,
				3A9220771DE20EC8004BC75F /* NYTTopStoriesTableViewController.swift */,
			);
			name = Controllers;
			sourceTree = "<group>";
		};
		3A92207D1DE21677004BC75F /* Networking */ = {
			isa = PBXGroup;
			children = (
				3A92207B1DE2166A004BC75F /* APIRequestManager.swift */,
			);
			name = Networking;
			sourceTree = "<group>";
		};
		3A92207E1DE21684004BC75F /* Models */ = {
			isa = PBXGroup;
			children = (
				3A9220791DE21552004BC75F /* TopStory.swift */,
			);
			name = Models;
			sourceTree = "<group>";
		};
/* End PBXGroup section */

/* Begin PBXNativeTarget section */
		3A92205C1DE20D72004BC75F /* NYTTopStories */ = {
			isa = PBXNativeTarget;
			buildConfigurationList = 3A92206F1DE20D72004BC75F /* Build configuration list for PBXNativeTarget "NYTTopStories" */;
			buildPhases = (
				3A9220591DE20D72004BC75F /* Sources */,
				3A92205A1DE20D72004BC75F /* Frameworks */,
				3A92205B1DE20D72004BC75F /* Resources */,
			);
			buildRules = (
			);
			dependencies = (
			);
			name = NYTTopStories;
			productName = NYTTopStories;
			productReference = 3A92205D1DE20D72004BC75F /* NYTTopStories.app */;
			productType = "com.apple.product-type.application";
		};
/* End PBXNativeTarget section */

/* Begin PBXProject section */
		3A9220551DE20D72004BC75F /* Project object */ = {
			isa = PBXProject;
			attributes = {
				LastSwiftUpdateCheck = 0800;
				LastUpgradeCheck = 0800;
				ORGANIZATIONNAME = "Erica Stevens";
				TargetAttributes = {
					3A92205C1DE20D72004BC75F = {
						CreatedOnToolsVersion = 8.0;
						ProvisioningStyle = Automatic;
					};
				};
			};
			buildConfigurationList = 3A9220581DE20D72004BC75F /* Build configuration list for PBXProject "NYTTopStories" */;
			compatibilityVersion = "Xcode 3.2";
			developmentRegion = English;
			hasScannedForEncodings = 0;
			knownRegions = (
				en,
				Base,
			);
			mainGroup = 3A9220541DE20D72004BC75F;
			productRefGroup = 3A92205E1DE20D72004BC75F /* Products */;
			projectDirPath = "";
			projectRoot = "";
			targets = (
				3A92205C1DE20D72004BC75F /* NYTTopStories */,
			);
		};
/* End PBXProject section */

/* Begin PBXResourcesBuildPhase section */
		3A92205B1DE20D72004BC75F /* Resources */ = {
			isa = PBXResourcesBuildPhase;
			buildActionMask = 2147483647;
			files = (
				3A92206B1DE20D72004BC75F /* LaunchScreen.storyboard in Resources */,
				3A9220681DE20D72004BC75F /* Assets.xcassets in Resources */,
				3A9220661DE20D72004BC75F /* Main.storyboard in Resources */,
			);
			runOnlyForDeploymentPostprocessing = 0;
		};
/* End PBXResourcesBuildPhase section */

/* Begin PBXSourcesBuildPhase section */
		3A9220591DE20D72004BC75F /* Sources */ = {
			isa = PBXSourcesBuildPhase;
			buildActionMask = 2147483647;
			files = (
				3A92207C1DE2166A004BC75F /* APIRequestManager.swift in Sources */,
				3A9220801DE21B11004BC75F /* TopStoryTableViewCell.swift in Sources */,
				3A9220611DE20D72004BC75F /* AppDelegate.swift in Sources */,
				3A9220781DE20EC8004BC75F /* NYTTopStoriesTableViewController.swift in Sources */,
				3A92207A1DE21552004BC75F /* TopStory.swift in Sources */,
			);
			runOnlyForDeploymentPostprocessing = 0;
		};
/* End PBXSourcesBuildPhase section */

/* Begin PBXVariantGroup section */
		3A9220641DE20D72004BC75F /* Main.storyboard */ = {
			isa = PBXVariantGroup;
			children = (
				3A9220651DE20D72004BC75F /* Base */,
			);
			name = Main.storyboard;
			sourceTree = "<group>";
		};
		3A9220691DE20D72004BC75F /* LaunchScreen.storyboard */ = {
			isa = PBXVariantGroup;
			children = (
				3A92206A1DE20D72004BC75F /* Base */,
			);
			name = LaunchScreen.storyboard;
			sourceTree = "<group>";
		};
/* End PBXVariantGroup section */

/* Begin XCBuildConfiguration section */
		3A92206D1DE20D72004BC75F /* Debug */ = {
			isa = XCBuildConfiguration;
			buildSettings = {
				ALWAYS_SEARCH_USER_PATHS = NO;
				CLANG_ANALYZER_NONNULL = YES;
				CLANG_CXX_LANGUAGE_STANDARD = "gnu++0x";
				CLANG_CXX_LIBRARY = "libc++";
				CLANG_ENABLE_MODULES = YES;
				CLANG_ENABLE_OBJC_ARC = YES;
				CLANG_WARN_BOOL_CONVERSION = YES;
				CLANG_WARN_CONSTANT_CONVERSION = YES;
				CLANG_WARN_DIRECT_OBJC_ISA_USAGE = YES_ERROR;
				CLANG_WARN_DOCUMENTATION_COMMENTS = YES;
				CLANG_WARN_EMPTY_BODY = YES;
				CLANG_WARN_ENUM_CONVERSION = YES;
				CLANG_WARN_INFINITE_RECURSION = YES;
				CLANG_WARN_INT_CONVERSION = YES;
				CLANG_WARN_OBJC_ROOT_CLASS = YES_ERROR;
				CLANG_WARN_SUSPICIOUS_MOVES = YES;
				CLANG_WARN_UNREACHABLE_CODE = YES;
				CLANG_WARN__DUPLICATE_METHOD_MATCH = YES;
				"CODE_SIGN_IDENTITY[sdk=iphoneos*]" = "iPhone Developer";
				COPY_PHASE_STRIP = NO;
				DEBUG_INFORMATION_FORMAT = dwarf;
				ENABLE_STRICT_OBJC_MSGSEND = YES;
				ENABLE_TESTABILITY = YES;
				GCC_C_LANGUAGE_STANDARD = gnu99;
				GCC_DYNAMIC_NO_PIC = NO;
				GCC_NO_COMMON_BLOCKS = YES;
				GCC_OPTIMIZATION_LEVEL = 0;
				GCC_PREPROCESSOR_DEFINITIONS = (
					"DEBUG=1",
					"$(inherited)",
				);
				GCC_WARN_64_TO_32_BIT_CONVERSION = YES;
				GCC_WARN_ABOUT_RETURN_TYPE = YES_ERROR;
				GCC_WARN_UNDECLARED_SELECTOR = YES;
				GCC_WARN_UNINITIALIZED_AUTOS = YES_AGGRESSIVE;
				GCC_WARN_UNUSED_FUNCTION = YES;
				GCC_WARN_UNUSED_VARIABLE = YES;
				IPHONEOS_DEPLOYMENT_TARGET = 10.0;
				MTL_ENABLE_DEBUG_INFO = YES;
				ONLY_ACTIVE_ARCH = YES;
				SDKROOT = iphoneos;
				SWIFT_ACTIVE_COMPILATION_CONDITIONS = DEBUG;
				SWIFT_OPTIMIZATION_LEVEL = "-Onone";
				TARGETED_DEVICE_FAMILY = "1,2";
			};
			name = Debug;
		};
		3A92206E1DE20D72004BC75F /* Release */ = {
			isa = XCBuildConfiguration;
			buildSettings = {
				ALWAYS_SEARCH_USER_PATHS = NO;
				CLANG_ANALYZER_NONNULL = YES;
				CLANG_CXX_LANGUAGE_STANDARD = "gnu++0x";
				CLANG_CXX_LIBRARY = "libc++";
				CLANG_ENABLE_MODULES = YES;
				CLANG_ENABLE_OBJC_ARC = YES;
				CLANG_WARN_BOOL_CONVERSION = YES;
				CLANG_WARN_CONSTANT_CONVERSION = YES;
				CLANG_WARN_DIRECT_OBJC_ISA_USAGE = YES_ERROR;
				CLANG_WARN_DOCUMENTATION_COMMENTS = YES;
				CLANG_WARN_EMPTY_BODY = YES;
				CLANG_WARN_ENUM_CONVERSION = YES;
				CLANG_WARN_INFINITE_RECURSION = YES;
				CLANG_WARN_INT_CONVERSION = YES;
				CLANG_WARN_OBJC_ROOT_CLASS = YES_ERROR;
				CLANG_WARN_SUSPICIOUS_MOVES = YES;
				CLANG_WARN_UNREACHABLE_CODE = YES;
				CLANG_WARN__DUPLICATE_METHOD_MATCH = YES;
				"CODE_SIGN_IDENTITY[sdk=iphoneos*]" = "iPhone Developer";
				COPY_PHASE_STRIP = NO;
				DEBUG_INFORMATION_FORMAT = "dwarf-with-dsym";
				ENABLE_NS_ASSERTIONS = NO;
				ENABLE_STRICT_OBJC_MSGSEND = YES;
				GCC_C_LANGUAGE_STANDARD = gnu99;
				GCC_NO_COMMON_BLOCKS = YES;
				GCC_WARN_64_TO_32_BIT_CONVERSION = YES;
				GCC_WARN_ABOUT_RETURN_TYPE = YES_ERROR;
				GCC_WARN_UNDECLARED_SELECTOR = YES;
				GCC_WARN_UNINITIALIZED_AUTOS = YES_AGGRESSIVE;
				GCC_WARN_UNUSED_FUNCTION = YES;
				GCC_WARN_UNUSED_VARIABLE = YES;
				IPHONEOS_DEPLOYMENT_TARGET = 10.0;
				MTL_ENABLE_DEBUG_INFO = NO;
				SDKROOT = iphoneos;
				SWIFT_OPTIMIZATION_LEVEL = "-Owholemodule";
				TARGETED_DEVICE_FAMILY = "1,2";
				VALIDATE_PRODUCT = YES;
			};
			name = Release;
		};
		3A9220701DE20D72004BC75F /* Debug */ = {
			isa = XCBuildConfiguration;
			buildSettings = {
				ASSETCATALOG_COMPILER_APPICON_NAME = AppIcon;
				INFOPLIST_FILE = NYTTopStories/Info.plist;
				LD_RUNPATH_SEARCH_PATHS = "$(inherited) @executable_path/Frameworks";
				PRODUCT_BUNDLE_IDENTIFIER = nyc.c4q.ericastevens.NYTTopStories;
				PRODUCT_NAME = "$(TARGET_NAME)";
				SWIFT_VERSION = 3.0;
			};
			name = Debug;
		};
		3A9220711DE20D72004BC75F /* Release */ = {
			isa = XCBuildConfiguration;
			buildSettings = {
				ASSETCATALOG_COMPILER_APPICON_NAME = AppIcon;
				INFOPLIST_FILE = NYTTopStories/Info.plist;
				LD_RUNPATH_SEARCH_PATHS = "$(inherited) @executable_path/Frameworks";
				PRODUCT_BUNDLE_IDENTIFIER = nyc.c4q.ericastevens.NYTTopStories;
				PRODUCT_NAME = "$(TARGET_NAME)";
				SWIFT_VERSION = 3.0;
			};
			name = Release;
		};
/* End XCBuildConfiguration section */

/* Begin XCConfigurationList section */
		3A9220581DE20D72004BC75F /* Build configuration list for PBXProject "NYTTopStories" */ = {
			isa = XCConfigurationList;
			buildConfigurations = (
				3A92206D1DE20D72004BC75F /* Debug */,
				3A92206E1DE20D72004BC75F /* Release */,
			);
			defaultConfigurationIsVisible = 0;
			defaultConfigurationName = Release;
		};
		3A92206F1DE20D72004BC75F /* Build configuration list for PBXNativeTarget "NYTTopStories" */ = {
			isa = XCConfigurationList;
			buildConfigurations = (
				3A9220701DE20D72004BC75F /* Debug */,
				3A9220711DE20D72004BC75F /* Release */,
			);
			defaultConfigurationIsVisible = 0;
		};
/* End XCConfigurationList section */
	};
	rootObject = 3A9220551DE20D72004BC75F /* Project object */;
}
